
Microsoft Visual Studio Solution File, Format Version 12.00
# Visual Studio 2012
Project("{8BC9CEB8-8B4A-11D0-8D11-00A0C91BC942}") = "TextBuddy", "TextBuddy.vcxproj", "{5B9001D0-D6A3-4A0E-AFDE-04D0DCC68BA3}"
EndProject
Global
	GlobalSection(SolutionConfigurationPlatforms) = preSolution
		Debug|Win32 = Debug|Win32
		Release|Win32 = Release|Win32
	EndGlobalSection
	GlobalSection(ProjectConfigurationPlatforms) = postSolution
		{5B9001D0-D6A3-4A0E-AFDE-04D0DCC68BA3}.Debug|Win32.ActiveCfg = Debug|Win32
		{5B9001D0-D6A3-4A0E-AFDE-04D0DCC68BA3}.Debug|Win32.Build.0 = Debug|Win32
		{5B9001D0-D6A3-4A0E-AFDE-04D0DCC68BA3}.Release|Win32.ActiveCfg = Release|Win32
		{5B9001D0-D6A3-4A0E-AFDE-04D0DCC68BA3}.Release|Win32.Build.0 = Release|Win32
	EndGlobalSection
	GlobalSection(SolutionProperties) = preSolution
		HideSolutionNode = FALSE
	EndGlobalSection
EndGlobal
